
Microsoft Visual Studio Solution File, Format Version 12.00
# Visual Studio 15
Project("{FAE04EC0-301F-11D3-BF4B-00C04F79EFBC}") = "Assembly-CSharp", "Assembly-CSharp.csproj", "{60AAA793-43CD-C1E3-7A7B-5532598A6649}"
EndProject
Project("{FAE04EC0-301F-11D3-BF4B-00C04F79EFBC}") = "Assembly-CSharp-Editor", "Assembly-CSharp-Editor.csproj", "{98840DC4-EDCB-CF53-C6BF-B999B3984115}"
EndProject
Project("{FAE04EC0-301F-11D3-BF4B-00C04F79EFBC}") = "CFXREditor", "CFXREditor.csproj", "{EED53F96-2326-5342-0F65-80BA9409AE75}"
EndProject
Project("{FAE04EC0-301F-11D3-BF4B-00C04F79EFBC}") = "CFXR.WelcomeScreen", "CFXR.WelcomeScreen.csproj", "{1EBCBC65-7A1F-9A19-E619-B6E1B6FD44E5}"
EndProject
Project("{FAE04EC0-301F-11D3-BF4B-00C04F79EFBC}") = "CFXRRuntime", "CFXRRuntime.csproj", "{7C45193C-C607-BC41-31F5-30E12AA042B5}"
EndProject
Project("{FAE04EC0-301F-11D3-BF4B-00C04F79EFBC}") = "ToonyColorsPro.Demo.Editor", "ToonyColorsPro.Demo.Editor.csproj", "{24B14384-66BC-5B93-B479-6F7705827322}"
EndProject
Project("{FAE04EC0-301F-11D3-BF4B-00C04F79EFBC}") = "CFXRDemo", "CFXRDemo.csproj", "{88F86868-32E8-AD1F-470A-488D3E8A0686}"
EndProject
Project("{FAE04EC0-301F-11D3-BF4B-00C04F79EFBC}") = "KinoBloom.Runtime", "KinoBloom.Runtime.csproj", "{444D9842-EC9C-9BF8-B9BB-562F478183ED}"
EndProject
Global
	GlobalSection(SolutionConfigurationPlatforms) = preSolution
		Debug|Any CPU = Debug|Any CPU
		Release|Any CPU = Release|Any CPU
	EndGlobalSection
	GlobalSection(ProjectConfigurationPlatforms) = postSolution
		{60AAA793-43CD-C1E3-7A7B-5532598A6649}.Debug|Any CPU.ActiveCfg = Debug|Any CPU
		{60AAA793-43CD-C1E3-7A7B-5532598A6649}.Debug|Any CPU.Build.0 = Debug|Any CPU
		{60AAA793-43CD-C1E3-7A7B-5532598A6649}.Release|Any CPU.ActiveCfg = Release|Any CPU
		{60AAA793-43CD-C1E3-7A7B-5532598A6649}.Release|Any CPU.Build.0 = Release|Any CPU
		{98840DC4-EDCB-CF53-C6BF-B999B3984115}.Debug|Any CPU.ActiveCfg = Debug|Any CPU
		{98840DC4-EDCB-CF53-C6BF-B999B3984115}.Debug|Any CPU.Build.0 = Debug|Any CPU
		{98840DC4-EDCB-CF53-C6BF-B999B3984115}.Release|Any CPU.ActiveCfg = Release|Any CPU
		{98840DC4-EDCB-CF53-C6BF-B999B3984115}.Release|Any CPU.Build.0 = Release|Any CPU
		{EED53F96-2326-5342-0F65-80BA9409AE75}.Debug|Any CPU.ActiveCfg = Debug|Any CPU
		{EED53F96-2326-5342-0F65-80BA9409AE75}.Debug|Any CPU.Build.0 = Debug|Any CPU
		{EED53F96-2326-5342-0F65-80BA9409AE75}.Release|Any CPU.ActiveCfg = Release|Any CPU
		{EED53F96-2326-5342-0F65-80BA9409AE75}.Release|Any CPU.Build.0 = Release|Any CPU
		{1EBCBC65-7A1F-9A19-E619-B6E1B6FD44E5}.Debug|Any CPU.ActiveCfg = Debug|Any CPU
		{1EBCBC65-7A1F-9A19-E619-B6E1B6FD44E5}.Debug|Any CPU.Build.0 = Debug|Any CPU
		{1EBCBC65-7A1F-9A19-E619-B6E1B6FD44E5}.Release|Any CPU.ActiveCfg = Release|Any CPU
		{1EBCBC65-7A1F-9A19-E619-B6E1B6FD44E5}.Release|Any CPU.Build.0 = Release|Any CPU
		{7C45193C-C607-BC41-31F5-30E12AA042B5}.Debug|Any CPU.ActiveCfg = Debug|Any CPU
		{7C45193C-C607-BC41-31F5-30E12AA042B5}.Debug|Any CPU.Build.0 = Debug|Any CPU
		{7C45193C-C607-BC41-31F5-30E12AA042B5}.Release|Any CPU.ActiveCfg = Release|Any CPU
		{7C45193C-C607-BC41-31F5-30E12AA042B5}.Release|Any CPU.Build.0 = Release|Any CPU
		{24B14384-66BC-5B93-B479-6F7705827322}.Debug|Any CPU.ActiveCfg = Debug|Any CPU
		{24B14384-66BC-5B93-B479-6F7705827322}.Debug|Any CPU.Build.0 = Debug|Any CPU
		{24B14384-66BC-5B93-B479-6F7705827322}.Release|Any CPU.ActiveCfg = Release|Any CPU
		{24B14384-66BC-5B93-B479-6F7705827322}.Release|Any CPU.Build.0 = Release|Any CPU
		{88F86868-32E8-AD1F-470A-488D3E8A0686}.Debug|Any CPU.ActiveCfg = Debug|Any CPU
		{88F86868-32E8-AD1F-470A-488D3E8A0686}.Debug|Any CPU.Build.0 = Debug|Any CPU
		{88F86868-32E8-AD1F-470A-488D3E8A0686}.Release|Any CPU.ActiveCfg = Release|Any CPU
		{88F86868-32E8-AD1F-470A-488D3E8A0686}.Release|Any CPU.Build.0 = Release|Any CPU
		{444D9842-EC9C-9BF8-B9BB-562F478183ED}.Debug|Any CPU.ActiveCfg = Debug|Any CPU
		{444D9842-EC9C-9BF8-B9BB-562F478183ED}.Debug|Any CPU.Build.0 = Debug|Any CPU
		{444D9842-EC9C-9BF8-B9BB-562F478183ED}.Release|Any CPU.ActiveCfg = Release|Any CPU
		{444D9842-EC9C-9BF8-B9BB-562F478183ED}.Release|Any CPU.Build.0 = Release|Any CPU
	EndGlobalSection
	GlobalSection(SolutionProperties) = preSolution
		HideSolutionNode = FALSE
	EndGlobalSection
EndGlobal
